
Microsoft Visual Studio Solution File, Format Version 12.00
# Visual Studio Version 17
VisualStudioVersion = 17.9.34728.123
MinimumVisualStudioVersion = 10.0.40219.1
Project("{FAE04EC0-301F-11D3-BF4B-00C04F79EFBC}") = "School.Api", "School.Api\School.Api.csproj", "{2488E3A3-C0CC-4C60-8E6C-7895A35C19E4}"
EndProject
Project("{FAE04EC0-301F-11D3-BF4B-00C04F79EFBC}") = "School.Domain", "School.Domain\School.Domain.csproj", "{EF842491-04C7-450F-B9E5-C6BF111E87D7}"
EndProject
Project("{FAE04EC0-301F-11D3-BF4B-00C04F79EFBC}") = "School.Service", "School.Service\School.Service.csproj", "{E823A790-1DFF-4A29-810E-CECBA07AC13E}"
EndProject
Project("{FAE04EC0-301F-11D3-BF4B-00C04F79EFBC}") = "School.Infrastructure", "School.Infrastructure\School.Infrastructure.csproj", "{B2AE8DC0-086F-4AB0-9CD4-50E01683FD8A}"
EndProject
Global
	GlobalSection(SolutionConfigurationPlatforms) = preSolution
		Debug|Any CPU = Debug|Any CPU
		Release|Any CPU = Release|Any CPU
	EndGlobalSection
	GlobalSection(ProjectConfigurationPlatforms) = postSolution
		{2488E3A3-C0CC-4C60-8E6C-7895A35C19E4}.Debug|Any CPU.ActiveCfg = Debug|Any CPU
		{2488E3A3-C0CC-4C60-8E6C-7895A35C19E4}.Debug|Any CPU.Build.0 = Debug|Any CPU
		{2488E3A3-C0CC-4C60-8E6C-7895A35C19E4}.Release|Any CPU.ActiveCfg = Release|Any CPU
		{2488E3A3-C0CC-4C60-8E6C-7895A35C19E4}.Release|Any CPU.Build.0 = Release|Any CPU
		{EF842491-04C7-450F-B9E5-C6BF111E87D7}.Debug|Any CPU.ActiveCfg = Debug|Any CPU
		{EF842491-04C7-450F-B9E5-C6BF111E87D7}.Debug|Any CPU.Build.0 = Debug|Any CPU
		{EF842491-04C7-450F-B9E5-C6BF111E87D7}.Release|Any CPU.ActiveCfg = Release|Any CPU
		{EF842491-04C7-450F-B9E5-C6BF111E87D7}.Release|Any CPU.Build.0 = Release|Any CPU
		{E823A790-1DFF-4A29-810E-CECBA07AC13E}.Debug|Any CPU.ActiveCfg = Debug|Any CPU
		{E823A790-1DFF-4A29-810E-CECBA07AC13E}.Debug|Any CPU.Build.0 = Debug|Any CPU
		{E823A790-1DFF-4A29-810E-CECBA07AC13E}.Release|Any CPU.ActiveCfg = Release|Any CPU
		{E823A790-1DFF-4A29-810E-CECBA07AC13E}.Release|Any CPU.Build.0 = Release|Any CPU
		{B2AE8DC0-086F-4AB0-9CD4-50E01683FD8A}.Debug|Any CPU.ActiveCfg = Debug|Any CPU
		{B2AE8DC0-086F-4AB0-9CD4-50E01683FD8A}.Debug|Any CPU.Build.0 = Debug|Any CPU
		{B2AE8DC0-086F-4AB0-9CD4-50E01683FD8A}.Release|Any CPU.ActiveCfg = Release|Any CPU
		{B2AE8DC0-086F-4AB0-9CD4-50E01683FD8A}.Release|Any CPU.Build.0 = Release|Any CPU
	EndGlobalSection
	GlobalSection(SolutionProperties) = preSolution
		HideSolutionNode = FALSE
	EndGlobalSection
	GlobalSection(ExtensibilityGlobals) = postSolution
		SolutionGuid = {1B5FEECD-94C0-4358-B676-52D3315D6119}
	EndGlobalSection
EndGlobal
